
Microsoft Visual Studio Solution File, Format Version 12.00
# Visual Studio Version 16
VisualStudioVersion = 16.0.32126.315
MinimumVisualStudioVersion = 10.0.40219.1
Project("{9A19103F-16F7-4668-BE54-9A1E7A4F7556}") = "Catalog.Entities", "Catalog.Entities\Catalog.Entities.csproj", "{12A99752-F88C-43C4-90CC-A4CFA87AA9BD}"
EndProject
Project("{9A19103F-16F7-4668-BE54-9A1E7A4F7556}") = "Catalog.UI01", "Catalog.UI01\Catalog.UI01.csproj", "{1E6EC9C5-7C6D-4B77-A09B-8E12408340F7}"
EndProject
Project("{9A19103F-16F7-4668-BE54-9A1E7A4F7556}") = "Catalog.UI02", "Catalog.UI02\Catalog.UI02.csproj", "{69FE1357-15AB-421D-A6FA-97E1064816B2}"
EndProject
Project("{9A19103F-16F7-4668-BE54-9A1E7A4F7556}") = "Catalog.UI03", "Catalog.UI03\Catalog.UI03.csproj", "{0A24899A-2A43-4B38-802C-0913D13147C2}"
EndProject
Project("{FAE04EC0-301F-11D3-BF4B-00C04F79EFBC}") = "Catalog.UI04", "Catalog.UI04\Catalog.UI04.csproj", "{B91345DF-B9B6-4FE3-A7E1-B3EC3CD9012D}"
EndProject
Global
	GlobalSection(SolutionConfigurationPlatforms) = preSolution
		Debug|Any CPU = Debug|Any CPU
		Release|Any CPU = Release|Any CPU
	EndGlobalSection
	GlobalSection(ProjectConfigurationPlatforms) = postSolution
		{12A99752-F88C-43C4-90CC-A4CFA87AA9BD}.Debug|Any CPU.ActiveCfg = Debug|Any CPU
		{12A99752-F88C-43C4-90CC-A4CFA87AA9BD}.Debug|Any CPU.Build.0 = Debug|Any CPU
		{12A99752-F88C-43C4-90CC-A4CFA87AA9BD}.Release|Any CPU.ActiveCfg = Release|Any CPU
		{12A99752-F88C-43C4-90CC-A4CFA87AA9BD}.Release|Any CPU.Build.0 = Release|Any CPU
		{1E6EC9C5-7C6D-4B77-A09B-8E12408340F7}.Debug|Any CPU.ActiveCfg = Debug|Any CPU
		{1E6EC9C5-7C6D-4B77-A09B-8E12408340F7}.Debug|Any CPU.Build.0 = Debug|Any CPU
		{1E6EC9C5-7C6D-4B77-A09B-8E12408340F7}.Release|Any CPU.ActiveCfg = Release|Any CPU
		{1E6EC9C5-7C6D-4B77-A09B-8E12408340F7}.Release|Any CPU.Build.0 = Release|Any CPU
		{69FE1357-15AB-421D-A6FA-97E1064816B2}.Debug|Any CPU.ActiveCfg = Debug|Any CPU
		{69FE1357-15AB-421D-A6FA-97E1064816B2}.Debug|Any CPU.Build.0 = Debug|Any CPU
		{69FE1357-15AB-421D-A6FA-97E1064816B2}.Release|Any CPU.ActiveCfg = Release|Any CPU
		{69FE1357-15AB-421D-A6FA-97E1064816B2}.Release|Any CPU.Build.0 = Release|Any CPU
		{0A24899A-2A43-4B38-802C-0913D13147C2}.Debug|Any CPU.ActiveCfg = Debug|Any CPU
		{0A24899A-2A43-4B38-802C-0913D13147C2}.Debug|Any CPU.Build.0 = Debug|Any CPU
		{0A24899A-2A43-4B38-802C-0913D13147C2}.Release|Any CPU.ActiveCfg = Release|Any CPU
		{0A24899A-2A43-4B38-802C-0913D13147C2}.Release|Any CPU.Build.0 = Release|Any CPU
		{B91345DF-B9B6-4FE3-A7E1-B3EC3CD9012D}.Debug|Any CPU.ActiveCfg = Debug|Any CPU
		{B91345DF-B9B6-4FE3-A7E1-B3EC3CD9012D}.Debug|Any CPU.Build.0 = Debug|Any CPU
		{B91345DF-B9B6-4FE3-A7E1-B3EC3CD9012D}.Release|Any CPU.ActiveCfg = Release|Any CPU
		{B91345DF-B9B6-4FE3-A7E1-B3EC3CD9012D}.Release|Any CPU.Build.0 = Release|Any CPU
	EndGlobalSection
	GlobalSection(SolutionProperties) = preSolution
		HideSolutionNode = FALSE
	EndGlobalSection
	GlobalSection(ExtensibilityGlobals) = postSolution
		SolutionGuid = {E15A7EFE-38D8-4271-9185-EEA5F26172BA}
	EndGlobalSection
EndGlobal
